version = 1
revision = 3
requires-python = ">=3.12"

[[package]]
name = "cassyy"
version = "0.0.10.dev0"
source = { editable = "." }

[package.dev-dependencies]
dev = [
    { name = "ty" },
]

[package.metadata]

[package.metadata.requires-dev]
dev = [{ name = "ty", specifier = ">=0.0.17" }]

[[package]]
name = "ty"
version = "0.0.17"
source = { registry = "https://pypi.org/simple" }
sdist = { url = "https://files.pythonhosted.org/packages/66/c3/41ae6346443eedb65b96761abfab890a48ce2aa5a8a27af69c5c5d99064d/ty-0.0.17.tar.gz", hash = "sha256:847ed6c120913e280bf9b54d8eaa7a1049708acb8824ad234e71498e8ad09f97", size = 5167209, upload-time = "2026-02-13T13:26:36.835Z" }
wheels = [
    { url = "https://files.pythonhosted.org/packages/c0/01/0ef15c22a1c54b0f728ceff3f62d478dbf8b0dcf8ff7b80b954f79584f3e/ty-0.0.17-py3-none-linux_armv6l.whl", hash = "sha256:64a9a16555cc8867d35c2647c2f1afbd3cae55f68fd95283a574d1bb04fe93e0", size = 10192793, upload-time = "2026-02-13T13:27:13.943Z" },
    { url = "https://files.pythonhosted.org/packages/0f/2c/f4c322d9cded56edc016b1092c14b95cf58c8a33b4787316ea752bb9418e/ty-0.0.17-py3-none-macosx_10_12_x86_64.whl", hash = "sha256:eb2dbd8acd5c5a55f4af0d479523e7c7265a88542efe73ed3d696eb1ba7b6454", size = 10051977, upload-time = "2026-02-13T13:26:57.741Z" },
    { url = "https://files.pythonhosted.org/packages/4c/a5/43746c1ff81e784f5fc303afc61fe5bcd85d0fcf3ef65cb2cef78c7486c7/ty-0.0.17-py3-none-macosx_11_0_arm64.whl", hash = "sha256:f18f5fd927bc628deb9ea2df40f06b5f79c5ccf355db732025a3e8e7152801f6", size = 9564639, upload-time = "2026-02-13T13:26:42.781Z" },
    { url = "https://files.pythonhosted.org/packages/d6/b8/280b04e14a9c0474af574f929fba2398b5e1c123c1e7735893b4cd73d13c/ty-0.0.17-py3-none-manylinux_2_17_aarch64.manylinux2014_aarch64.whl", hash = "sha256:5383814d1d7a5cc53b3b07661856bab04bb2aac7a677c8d33c55169acdaa83df", size = 10061204, upload-time = "2026-02-13T13:27:00.152Z" },
    { url = "https://files.pythonhosted.org/packages/2a/d7/493e1607d8dfe48288d8a768a2adc38ee27ef50e57f0af41ff273987cda0/ty-0.0.17-py3-none-manylinux_2_17_armv7l.manylinux2014_armv7l.whl", hash = "sha256:9c20423b8744b484f93e7bf2ef8a9724bca2657873593f9f41d08bd9f83444c9", size = 10013116, upload-time = "2026-02-13T13:26:34.543Z" },
    { url = "https://files.pythonhosted.org/packages/80/ef/22f3ed401520afac90dbdf1f9b8b7755d85b0d5c35c1cb35cf5bd11b59c2/ty-0.0.17-py3-none-manylinux_2_17_i686.manylinux2014_i686.whl", hash = "sha256:e6f5b1aba97db9af86517b911674b02f5bc310750485dc47603a105bd0e83ddd", size = 10533623, upload-time = "2026-02-13T13:26:31.449Z" },
    { url = "https://files.pythonhosted.org/packages/75/ce/744b15279a11ac7138832e3a55595706b4a8a209c9f878e3ab8e571d9032/ty-0.0.17-py3-none-manylinux_2_17_ppc64le.manylinux2014_ppc64le.whl", hash = "sha256:488bce1a9bea80b851a97cd34c4d2ffcd69593d6c3f54a72ae02e5c6e47f3d0c", size = 11069750, upload-time = "2026-02-13T13:26:48.638Z" },
    { url = "https://files.pythonhosted.org/packages/f2/be/1133c91f15a0e00d466c24f80df486d630d95d1b2af63296941f7473812f/ty-0.0.17-py3-none-manylinux_2_17_s390x.manylinux2014_s390x.whl", hash = "sha256:8df66b91ec84239420985ec215e7f7549bfda2ac036a3b3c065f119d1c06825a", size = 10870862, upload-time = "2026-02-13T13:26:54.715Z" },
    { url = "https://files.pythonhosted.org/packages/3e/4a/a2ed209ef215b62b2d3246e07e833081e07d913adf7e0448fc204be443d6/ty-0.0.17-py3-none-manylinux_2_17_x86_64.manylinux2014_x86_64.whl", hash = "sha256:002139e807c53002790dfefe6e2f45ab0e04012e76db3d7c8286f96ec121af8f", size = 10628118, upload-time = "2026-02-13T13:26:45.439Z" },
    { url = "https://files.pythonhosted.org/packages/b3/0c/87476004cb5228e9719b98afffad82c3ef1f84334bde8527bcacba7b18cb/ty-0.0.17-py3-none-musllinux_1_2_aarch64.whl", hash = "sha256:6c4e01f05ce82e5d489ab3900ca0899a56c4ccb52659453780c83e5b19e2b64c", size = 10038185, upload-time = "2026-02-13T13:27:02.693Z" },
    { url = "https://files.pythonhosted.org/packages/46/4b/98f0b3ba9aef53c1f0305519536967a4aa793a69ed72677b0a625c5313ac/ty-0.0.17-py3-none-musllinux_1_2_armv7l.whl", hash = "sha256:2b226dd1e99c0d2152d218c7e440150d1a47ce3c431871f0efa073bbf899e881", size = 10047644, upload-time = "2026-02-13T13:27:05.474Z" },
    { url = "https://files.pythonhosted.org/packages/93/e0/06737bb80aa1a9103b8651d2eb691a7e53f1ed54111152be25f4a02745db/ty-0.0.17-py3-none-musllinux_1_2_i686.whl", hash = "sha256:8b11f1da7859e0ad69e84b3c5ef9a7b055ceed376a432fad44231bdfc48061c2", size = 10231140, upload-time = "2026-02-13T13:27:10.844Z" },
    { url = "https://files.pythonhosted.org/packages/7c/79/e2a606bd8852383ba9abfdd578f4a227bd18504145381a10a5f886b4e751/ty-0.0.17-py3-none-musllinux_1_2_x86_64.whl", hash = "sha256:c04e196809ff570559054d3e011425fd7c04161529eb551b3625654e5f2434cb", size = 10718344, upload-time = "2026-02-13T13:26:51.66Z" },
    { url = "https://files.pythonhosted.org/packages/c5/2d/2663984ac11de6d78f74432b8b14ba64d170b45194312852b7543cf7fd56/ty-0.0.17-py3-none-win32.whl", hash = "sha256:305b6ed150b2740d00a817b193373d21f0767e10f94ac47abfc3b2e5a5aec809", size = 9672932, upload-time = "2026-02-13T13:27:08.522Z" },
    { url = "https://files.pythonhosted.org/packages/de/b5/39be78f30b31ee9f5a585969930c7248354db90494ff5e3d0756560fb731/ty-0.0.17-py3-none-win_amd64.whl", hash = "sha256:531828267527aee7a63e972f54e5eee21d9281b72baf18e5c2850c6b862add83", size = 10542138, upload-time = "2026-02-13T13:27:17.084Z" },
    { url = "https://files.pythonhosted.org/packages/40/b7/f875c729c5d0079640c75bad2c7e5d43edc90f16ba242f28a11966df8f65/ty-0.0.17-py3-none-win_arm64.whl", hash = "sha256:de9810234c0c8d75073457e10a84825b9cd72e6629826b7f01c7a0b266ae25b1", size = 10023068, upload-time = "2026-02-13T13:26:39.637Z" },
]
