version = 1
revision = 3
requires-python = ">=3.12"

[[package]]
name = "cassyy"
version = "1.0.0"
source = { editable = "." }

[package.dev-dependencies]
dev = [
    { name = "prek" },
    { name = "pytest" },
    { name = "ty" },
]

[package.metadata]

[package.metadata.requires-dev]
dev = [
    { name = "prek", specifier = ">=0.4.0" },
    { name = "pytest", specifier = ">=9.0.3" },
    { name = "ty", specifier = ">=0.0.36" },
]

[[package]]
name = "colorama"
version = "0.4.6"
source = { registry = "https://pypi.org/simple" }
sdist = { url = "https://files.pythonhosted.org/packages/d8/53/6f443c9a4a8358a93a6792e2acffb9d9d5cb0a5cfd8802644b7b1c9a02e4/colorama-0.4.6.tar.gz", hash = "sha256:08695f5cb7ed6e0531a20572697297273c47b8cae5a63ffc6d6ed5c201be6e44", size = 27697, upload-time = "2022-10-25T02:36:22.414Z" }
wheels = [
    { url = "https://files.pythonhosted.org/packages/d1/d6/3965ed04c63042e047cb6a3e6ed1a63a35087b6a609aa3a15ed8ac56c221/colorama-0.4.6-py2.py3-none-any.whl", hash = "sha256:4f1d9991f5acc0ca119f9d443620b77f9d6b33703e51011c16baf57afb285fc6", size = 25335, upload-time = "2022-10-25T02:36:20.889Z" },
]

[[package]]
name = "iniconfig"
version = "2.3.0"
source = { registry = "https://pypi.org/simple" }
sdist = { url = "https://files.pythonhosted.org/packages/72/34/14ca021ce8e5dfedc35312d08ba8bf51fdd999c576889fc2c24cb97f4f10/iniconfig-2.3.0.tar.gz", hash = "sha256:c76315c77db068650d49c5b56314774a7804df16fee4402c1f19d6d15d8c4730", size = 20503, upload-time = "2025-10-18T21:55:43.219Z" }
wheels = [
    { url = "https://files.pythonhosted.org/packages/cb/b1/3846dd7f199d53cb17f49cba7e651e9ce294d8497c8c150530ed11865bb8/iniconfig-2.3.0-py3-none-any.whl", hash = "sha256:f631c04d2c48c52b84d0d0549c99ff3859c98df65b3101406327ecc7d53fbf12", size = 7484, upload-time = "2025-10-18T21:55:41.639Z" },
]

[[package]]
name = "packaging"
version = "26.2"
source = { registry = "https://pypi.org/simple" }
sdist = { url = "https://files.pythonhosted.org/packages/d7/f1/e7a6dd94a8d4a5626c03e4e99c87f241ba9e350cd9e6d75123f992427270/packaging-26.2.tar.gz", hash = "sha256:ff452ff5a3e828ce110190feff1178bb1f2ea2281fa2075aadb987c2fb221661", size = 228134, upload-time = "2026-04-24T20:15:23.917Z" }
wheels = [
    { url = "https://files.pythonhosted.org/packages/df/b2/87e62e8c3e2f4b32e5fe99e0b86d576da1312593b39f47d8ceef365e95ed/packaging-26.2-py3-none-any.whl", hash = "sha256:5fc45236b9446107ff2415ce77c807cee2862cb6fac22b8a73826d0693b0980e", size = 100195, upload-time = "2026-04-24T20:15:22.081Z" },
]

[[package]]
name = "pluggy"
version = "1.6.0"
source = { registry = "https://pypi.org/simple" }
sdist = { url = "https://files.pythonhosted.org/packages/f9/e2/3e91f31a7d2b083fe6ef3fa267035b518369d9511ffab804f839851d2779/pluggy-1.6.0.tar.gz", hash = "sha256:7dcc130b76258d33b90f61b658791dede3486c3e6bfb003ee5c9bfb396dd22f3", size = 69412, upload-time = "2025-05-15T12:30:07.975Z" }
wheels = [
    { url = "https://files.pythonhosted.org/packages/54/20/4d324d65cc6d9205fabedc306948156824eb9f0ee1633355a8f7ec5c66bf/pluggy-1.6.0-py3-none-any.whl", hash = "sha256:e920276dd6813095e9377c0bc5566d94c932c33b27a3e3945d8389c374dd4746", size = 20538, upload-time = "2025-05-15T12:30:06.134Z" },
]

[[package]]
name = "prek"
version = "0.4.0"
source = { registry = "https://pypi.org/simple" }
sdist = { url = "https://files.pythonhosted.org/packages/6f/68/00050a4184f038a622855b1989b013d0ac5bfc0a29bf3cdbd1ed823595d8/prek-0.4.0.tar.gz", hash = "sha256:47f42477c8453c7440e4e656e5ab0c2a1e4c25daa5ed441a9ac1a2b7634abc12", size = 446399, upload-time = "2026-05-14T10:50:35.194Z" }
wheels = [
    { url = "https://files.pythonhosted.org/packages/2b/83/e4f5f574b8b3a80305a638e0cb2d46e3aa9596ac2b1e2dd6c910fedea376/prek-0.4.0-py3-none-linux_armv6l.whl", hash = "sha256:f4cba2132e038349b4b0a00a73b300e4192bae9f78fff8df0365c00bd19140e7", size = 5509604, upload-time = "2026-05-14T10:50:39.306Z" },
    { url = "https://files.pythonhosted.org/packages/05/de/ee9b8648944d44a8403ca49172d60936f5476196a7baf38c86df4aec7243/prek-0.4.0-py3-none-macosx_10_12_x86_64.whl", hash = "sha256:944670565dfb3800465355f299effa31572822566d10c6210e6f76bf399ddf53", size = 5877244, upload-time = "2026-05-14T10:50:54.213Z" },
    { url = "https://files.pythonhosted.org/packages/33/f8/2e6021993332a249667102de0960160aa942880b0634d3e8920d062ebdb4/prek-0.4.0-py3-none-macosx_11_0_arm64.whl", hash = "sha256:a8272f32e698eae514556086ad73d02026ec00bbd4d26c420f761ea857cfd795", size = 5435063, upload-time = "2026-05-14T10:50:31.75Z" },
    { url = "https://files.pythonhosted.org/packages/2a/8b/98fef34684f52c7f5b7b56bce14aec2b24b7abbcd7b6523cc83a63f74c58/prek-0.4.0-py3-none-manylinux_2_17_aarch64.manylinux2014_aarch64.musllinux_1_1_aarch64.whl", hash = "sha256:a860fda0f27f872622689358a583e5f2a5771241331848233274f4cfeb8ae9bb", size = 5690323, upload-time = "2026-05-14T10:50:42.583Z" },
    { url = "https://files.pythonhosted.org/packages/00/18/bf18cf0d3ab5b5eddadc6ade754ba6269ae857b32a4605036397ec56ccc1/prek-0.4.0-py3-none-manylinux_2_17_armv7l.manylinux2014_armv7l.whl", hash = "sha256:473ce0262e36b8e77b327941ad6d5747ac451b4c441cdc86dab95640b68fff72", size = 5423877, upload-time = "2026-05-14T10:50:36.434Z" },
    { url = "https://files.pythonhosted.org/packages/ce/1e/881f18b3cbf6fdca4ec8eb62d2c2e0cb9458fd4cebd136f5e0f76c7aa8d2/prek-0.4.0-py3-none-manylinux_2_17_i686.manylinux2014_i686.whl", hash = "sha256:e46277b577991ccdc7b13e2cfa7d260ae13e77f5af543e50e188799f649f0ad8", size = 5830461, upload-time = "2026-05-14T10:50:45.885Z" },
    { url = "https://files.pythonhosted.org/packages/91/ea/1623391bdf1e103d7959cc7d41caedcd1ab982412c7db9f9f9ee5c0e09f4/prek-0.4.0-py3-none-manylinux_2_17_s390x.manylinux2014_s390x.whl", hash = "sha256:b60bd4fdc323896a5bada2708734d16ff59ee5e32b8c390ae2ebe328426964a3", size = 6717949, upload-time = "2026-05-14T10:50:51.133Z" },
    { url = "https://files.pythonhosted.org/packages/da/56/59d73f20d3bf5ec1d1e88f24473cf77fb485acefd285c1eb79d2f102e8dc/prek-0.4.0-py3-none-manylinux_2_17_x86_64.manylinux2014_x86_64.whl", hash = "sha256:7203bff21e622a5482e956384c43990b0092faab02f72118275839a77a45e939", size = 6104294, upload-time = "2026-05-14T10:50:57.251Z" },
    { url = "https://files.pythonhosted.org/packages/b7/7f/c03e17c06069b96805c3579c00f830bad0e700f30aa3fed08c78958be77a/prek-0.4.0-py3-none-manylinux_2_28_aarch64.whl", hash = "sha256:44e3716a3e2983add2c094775d564536342011e84f770132389819c965513d6d", size = 5703788, upload-time = "2026-05-14T10:50:55.717Z" },
    { url = "https://files.pythonhosted.org/packages/93/6f/f5664a1712ba214f67a0e93411dc62893a02165b5f04f3182e2c188d0623/prek-0.4.0-py3-none-manylinux_2_31_riscv64.whl", hash = "sha256:6e3a0e43d7f345a5e32962736c335b5fc466d499f2556fb6f24028dd08108618", size = 5538311, upload-time = "2026-05-14T10:50:33.859Z" },
    { url = "https://files.pythonhosted.org/packages/d9/af/8a2aa0e02363e96d05a21ca73b4ea862459535bf6cf293710594396df450/prek-0.4.0-py3-none-musllinux_1_1_armv7l.whl", hash = "sha256:0d19efff4537e4a68b5bd61dcbf5ccb2dd8343df3ea9482aabe37d241ff18ddf", size = 5398617, upload-time = "2026-05-14T10:50:37.828Z" },
    { url = "https://files.pythonhosted.org/packages/6e/06/2b175e2ef812a3ab6ebab2dcd7aa0d03aea24852b73c6c4a30882800a01c/prek-0.4.0-py3-none-musllinux_1_1_i686.whl", hash = "sha256:0d9483404e5b8bf65111ee6b821e6cf7a5ba9c3a2065e7a0b7a39a17daaffcc9", size = 5685656, upload-time = "2026-05-14T10:50:40.781Z" },
    { url = "https://files.pythonhosted.org/packages/39/00/aee25867a6e88bb5cadee41dd83745876a273d3c149612424cf068239a8e/prek-0.4.0-py3-none-musllinux_1_1_x86_64.whl", hash = "sha256:01d69684306c67917ed69497d0f523216f13f2306723b62e1ace454209477b45", size = 6217097, upload-time = "2026-05-14T10:50:52.903Z" },
    { url = "https://files.pythonhosted.org/packages/f2/d2/e0cca68af94b7639badd3967fc37ae6159979baf6cc3c7f1d68f0a966bdf/prek-0.4.0-py3-none-win32.whl", hash = "sha256:ce2a8feb5dc1f1e748879d0e14c2145353059b830ac5e3f64d92127ab16efc78", size = 5204721, upload-time = "2026-05-14T10:50:49.269Z" },
    { url = "https://files.pythonhosted.org/packages/2d/5b/462c907502e7b9f634c73de4e6d36fa44b5d652a52a9ddd51811b2030ca7/prek-0.4.0-py3-none-win_amd64.whl", hash = "sha256:b218d92ad5d2ff0b59240d7d837fa9edc61849894958acb3a225efff7a2faa65", size = 5595119, upload-time = "2026-05-14T10:50:47.482Z" },
    { url = "https://files.pythonhosted.org/packages/0d/a0/a0be2f73cbc8fd65a5e1de576aa5a5324339c7cc9f7dd328009a5e1a3ae1/prek-0.4.0-py3-none-win_arm64.whl", hash = "sha256:ff1f1fa311023418d40a443bca6928a9f5ce073d0b9130b641954183aa31736d", size = 5423774, upload-time = "2026-05-14T10:50:44.19Z" },
]

[[package]]
name = "pygments"
version = "2.20.0"
source = { registry = "https://pypi.org/simple" }
sdist = { url = "https://files.pythonhosted.org/packages/c3/b2/bc9c9196916376152d655522fdcebac55e66de6603a76a02bca1b6414f6c/pygments-2.20.0.tar.gz", hash = "sha256:6757cd03768053ff99f3039c1a36d6c0aa0b263438fcab17520b30a303a82b5f", size = 4955991, upload-time = "2026-03-29T13:29:33.898Z" }
wheels = [
    { url = "https://files.pythonhosted.org/packages/f4/7e/a72dd26f3b0f4f2bf1dd8923c85f7ceb43172af56d63c7383eb62b332364/pygments-2.20.0-py3-none-any.whl", hash = "sha256:81a9e26dd42fd28a23a2d169d86d7ac03b46e2f8b59ed4698fb4785f946d0176", size = 1231151, upload-time = "2026-03-29T13:29:30.038Z" },
]

[[package]]
name = "pytest"
version = "9.0.3"
source = { registry = "https://pypi.org/simple" }
dependencies = [
    { name = "colorama", marker = "sys_platform == 'win32'" },
    { name = "iniconfig" },
    { name = "packaging" },
    { name = "pluggy" },
    { name = "pygments" },
]
sdist = { url = "https://files.pythonhosted.org/packages/7d/0d/549bd94f1a0a402dc8cf64563a117c0f3765662e2e668477624baeec44d5/pytest-9.0.3.tar.gz", hash = "sha256:b86ada508af81d19edeb213c681b1d48246c1a91d304c6c81a427674c17eb91c", size = 1572165, upload-time = "2026-04-07T17:16:18.027Z" }
wheels = [
    { url = "https://files.pythonhosted.org/packages/d4/24/a372aaf5c9b7208e7112038812994107bc65a84cd00e0354a88c2c77a617/pytest-9.0.3-py3-none-any.whl", hash = "sha256:2c5efc453d45394fdd706ade797c0a81091eccd1d6e4bccfcd476e2b8e0ab5d9", size = 375249, upload-time = "2026-04-07T17:16:16.13Z" },
]

[[package]]
name = "ty"
version = "0.0.36"
source = { registry = "https://pypi.org/simple" }
sdist = { url = "https://files.pythonhosted.org/packages/14/bf/4baa1533937246861afcf27a84a3bbf1a536729fc40fdbbf6c99c4218dac/ty-0.0.36.tar.gz", hash = "sha256:0350a4edc956f165ab1d1c92db3b74526fcaae16921095b63c3c6a8be313b2ff", size = 5643311, upload-time = "2026-05-15T10:19:37.359Z" }
wheels = [
    { url = "https://files.pythonhosted.org/packages/bf/08/83e6f1a8aad5fef237373c020628e3703b2a79cae134df7ae74a074b23ca/ty-0.0.36-py3-none-linux_armv6l.whl", hash = "sha256:c70fae86e68717969101ee4da11e2077efd55ea3ac4e1478b9dccf600d561086", size = 11236491, upload-time = "2026-05-15T10:19:51.863Z" },
    { url = "https://files.pythonhosted.org/packages/05/08/39fc4f4acf4430a1a2bd5f1698ac28a6d39e4c93b0e363b6ee19b5e0f5f4/ty-0.0.36-py3-none-macosx_10_12_x86_64.whl", hash = "sha256:543410bc78f38d351a388c29c6e7e0a646decdf0e8fb6b47496056030efab76f", size = 10984361, upload-time = "2026-05-15T10:19:20.755Z" },
    { url = "https://files.pythonhosted.org/packages/87/f3/92d2bc59922c0ae6baa7476a815dbfe216f7a7f8ff3a801012a330acdbe3/ty-0.0.36-py3-none-macosx_11_0_arm64.whl", hash = "sha256:a9f568ca71245f198278be8a73c30b87194277e3c8f328bb053e68399dd8dc91", size = 10423126, upload-time = "2026-05-15T10:19:45.722Z" },
    { url = "https://files.pythonhosted.org/packages/be/b2/f03701dbb5513b833680d7fd845e7e521bf8ae290eae465175049263b989/ty-0.0.36-py3-none-manylinux_2_17_aarch64.manylinux2014_aarch64.whl", hash = "sha256:4f951b2845f39a12624f3beececc3063a12ce1212c11916d3557e7e78998c9d2", size = 10943043, upload-time = "2026-05-15T10:19:23.708Z" },
    { url = "https://files.pythonhosted.org/packages/7f/32/5a186144fa4fbdace1f263047d58e2c89ac828cee4b5dda2b7dbb3496ad3/ty-0.0.36-py3-none-manylinux_2_17_armv7l.manylinux2014_armv7l.whl", hash = "sha256:45952006bf810deb25e1c4dfe9977a3cb8e9e675b2b491a6fd46717210a4a970", size = 11020866, upload-time = "2026-05-15T10:19:39.882Z" },
    { url = "https://files.pythonhosted.org/packages/a1/0f/a8f6e63eaf0c3445b076f2bf07f97440ac548db06bb892097b22351e26df/ty-0.0.36-py3-none-manylinux_2_17_i686.manylinux2014_i686.whl", hash = "sha256:7e0d7d7c14f789e66fb0296c6c1facf07e519ff5d6d0250ffc3d54479f50cf88", size = 11507375, upload-time = "2026-05-15T10:19:54.95Z" },
    { url = "https://files.pythonhosted.org/packages/c4/e2/0556e4253c285d2166037e009f50f82799f93c56ceb1c574a40da851333c/ty-0.0.36-py3-none-manylinux_2_17_ppc64le.manylinux2014_ppc64le.whl", hash = "sha256:4873e1ae8d99c67296d7908c1be70da0f6a644746751c619b49cebeff0816509", size = 12043426, upload-time = "2026-05-15T10:19:26.254Z" },
    { url = "https://files.pythonhosted.org/packages/37/0b/915d9c41ac95ab753b78b96779b94a7fe846d5715182b96d4b06c14e5910/ty-0.0.36-py3-none-manylinux_2_17_s390x.manylinux2014_s390x.whl", hash = "sha256:0e376cb976e9a8a4a5900f6e322ea4c8ac1dad0a6a8c9a10d5b15e87b8cf3f88", size = 11676680, upload-time = "2026-05-15T10:19:57.711Z" },
    { url = "https://files.pythonhosted.org/packages/b9/ee/c356541929121004aeecc2e72d4e53185d59413d78a37f27eff83292369e/ty-0.0.36-py3-none-manylinux_2_17_x86_64.manylinux2014_x86_64.whl", hash = "sha256:a002bbcc8ea6dd34b79463ae147f36e5c46ed9676767c0bc307a48e92e5e5dac", size = 11594362, upload-time = "2026-05-15T10:19:18.184Z" },
    { url = "https://files.pythonhosted.org/packages/4c/6b/aba45733431791fb7dadbb44550bbb3bdc909f7c551538d8a804639c5f4c/ty-0.0.36-py3-none-manylinux_2_31_riscv64.whl", hash = "sha256:a489fe80d42cd23c06ac8304bcbf07712f976655ca1a0e6b05040b53ccdc252b", size = 11749166, upload-time = "2026-05-15T10:19:34.969Z" },
    { url = "https://files.pythonhosted.org/packages/28/32/9a5bd2d6512ee0b4496df36521162c142f0fec8f6c33889a0bbbfe8b91f7/ty-0.0.36-py3-none-musllinux_1_2_aarch64.whl", hash = "sha256:4a19d1ca362c8c2ea85dccb39d314aaa560cec77f618fcfc6d2e056253ca552b", size = 10923862, upload-time = "2026-05-15T10:19:31.9Z" },
    { url = "https://files.pythonhosted.org/packages/36/f1/cbaf5a560c13d25842685d32afecedc193f8c9e6f7f8f03974616eb3361f/ty-0.0.36-py3-none-musllinux_1_2_armv7l.whl", hash = "sha256:0ea83a24b4a5cf1c0421c436569e70648073a20eb9d31af3ae434dde28070cb2", size = 11057070, upload-time = "2026-05-15T10:20:00.293Z" },
    { url = "https://files.pythonhosted.org/packages/59/5e/6c40145836825144600d3378cd6d6d2287ad3c079c86ceeedc4c35093394/ty-0.0.36-py3-none-musllinux_1_2_i686.whl", hash = "sha256:642421a4c56ea1a403e706dc22d0206bd5a76b08fca702ed7c7f43664b586569", size = 11184165, upload-time = "2026-05-15T10:19:29.036Z" },
    { url = "https://files.pythonhosted.org/packages/0e/5f/e9ea4193c9b01da05691064f38bcb107460c92055266dd43f8d457e82305/ty-0.0.36-py3-none-musllinux_1_2_x86_64.whl", hash = "sha256:248f933e58d3295a54438c08e8289ae782aa12c96c2d10adcaef77f973ab536d", size = 11688416, upload-time = "2026-05-15T10:19:12.083Z" },
    { url = "https://files.pythonhosted.org/packages/b5/13/576a6ec0226388d457e2ffd677485d8f532d8c852f2d8b6278c4d82813d7/ty-0.0.36-py3-none-win32.whl", hash = "sha256:0c5c806444904bb66506ea6811a751caa93860838d01210fad7f9100370c4ce9", size = 10503333, upload-time = "2026-05-15T10:19:48.825Z" },
    { url = "https://files.pythonhosted.org/packages/8a/ba/e0b42be5920f56f49b1d6b5f77fd0668e4a5c94f63402bcdc3ee53511a11/ty-0.0.36-py3-none-win_amd64.whl", hash = "sha256:79d4adf8e4ffe12b3adc822874bce963993f0de904ddb5daa9599f38e53d602a", size = 11574185, upload-time = "2026-05-15T10:19:15.177Z" },
    { url = "https://files.pythonhosted.org/packages/f8/77/42de5de13d5e473c5fb4667cb2cc1efa5d3c07df4a43d11ca4a6d6c62223/ty-0.0.36-py3-none-win_arm64.whl", hash = "sha256:a392731f68a5eff66346fdcb831d370d5e3c49aabae805081b4b70c0b6a3093b", size = 10939643, upload-time = "2026-05-15T10:19:42.593Z" },
]
